Microsoft Visual Studio Solution File, Format Version 12.00
# Visual Studio Version 17
VisualStudioVersion = 17.5.2.0
MinimumVisualStudioVersion = 10.0.40219.1
Project("{FAE04EC0-301F-11D3-BF4B-00C04F79EFBC}") = "Geometry", "Geometry\Geometry.csproj", "{19008DC8-7AC8-8B37-D8A8-9CA63625B683}"
EndProject
Global
	GlobalSection(SolutionConfigurationPlatforms) = preSolution
		Debug|Any CPU = Debug|Any CPU
		Release|Any CPU = Release|Any CPU
	EndGlobalSection
	GlobalSection(ProjectConfigurationPlatforms) = postSolution
		{19008DC8-7AC8-8B37-D8A8-9CA63625B683}.Debug|Any CPU.ActiveCfg = Debug|Any CPU
		{19008DC8-7AC8-8B37-D8A8-9CA63625B683}.Debug|Any CPU.Build.0 = Debug|Any CPU
		{19008DC8-7AC8-8B37-D8A8-9CA63625B683}.Release|Any CPU.ActiveCfg = Release|Any CPU
		{19008DC8-7AC8-8B37-D8A8-9CA63625B683}.Release|Any CPU.Build.0 = Release|Any CPU
	EndGlobalSection
	GlobalSection(SolutionProperties) = preSolution
		HideSolutionNode = FALSE
	EndGlobalSection
	GlobalSection(ExtensibilityGlobals) = postSolution
		SolutionGuid = {7E8BBED9-2C83-4EAF-9310-7A6F744A2587}
	EndGlobalSection
EndGlobal
